// !$*UTF8*$!
{
	archiveVersion = 1;
	classes = {
	};
	objectVersion = 55;
	objects = {

/* Begin PBXBuildFile section */
		6929757F27136F4F00192C58 /* AppDelegate.swift in Sources */ = {isa = PBXBuildFile; fileRef = 6929757E27136F4F00192C58 /* AppDelegate.swift */; };
		6929758127136F4F00192C58 /* SceneDelegate.swift in Sources */ = {isa = PBXBuildFile; fileRef = 6929758027136F4F00192C58 /* SceneDelegate.swift */; };
		6929758327136F4F00192C58 /* ViewController.swift in Sources */ = {isa = PBXBuildFile; fileRef = 6929758227136F4F00192C58 /* ViewController.swift */; };
		6929758627136F4F00192C58 /* Main.storyboard in Resources */ = {isa = PBXBuildFile; fileRef = 6929758427136F4F00192C58 /* Main.storyboard */; };
		6929758927136F4F00192C58 /* ArjunS2Project.xcdatamodeld in Sources */ = {isa = PBXBuildFile; fileRef = 6929758727136F4F00192C58 /* ArjunS2Project.xcdatamodeld */; };
		6929758B27136F5300192C58 /* Assets.xcassets in Resources */ = {isa = PBXBuildFile; fileRef = 6929758A27136F5300192C58 /* Assets.xcassets */; };
		6929758E27136F5300192C58 /* LaunchScreen.storyboard in Resources */ = {isa = PBXBuildFile; fileRef = 6929758C27136F5300192C58 /* LaunchScreen.storyboard */; };
		6929759B2713700100192C58 /* LocationsEntity+CoreDataClass.swift in Sources */ = {isa = PBXBuildFile; fileRef = 692975992713700100192C58 /* LocationsEntity+CoreDataClass.swift */; };
		6929759C2713700100192C58 /* LocationsEntity+CoreDataProperties.swift in Sources */ = {isa = PBXBuildFile; fileRef = 6929759A2713700100192C58 /* LocationsEntity+CoreDataProperties.swift */; };
		6929759E271370D700192C58 /* UpdateViewController.swift in Sources */ = {isa = PBXBuildFile; fileRef = 6929759D271370D700192C58 /* UpdateViewController.swift */; };
		692975A02713712B00192C58 /* CountryController.swift in Sources */ = {isa = PBXBuildFile; fileRef = 6929759F2713712B00192C58 /* CountryController.swift */; };
		692975A22713718800192C58 /* DataSource.swift in Sources */ = {isa = PBXBuildFile; fileRef = 692975A12713718800192C58 /* DataSource.swift */; };
		692975A42713725200192C58 /* DataTableViewCell.swift in Sources */ = {isa = PBXBuildFile; fileRef = 692975A32713725200192C58 /* DataTableViewCell.swift */; };
		692975A62713727700192C58 /* EmptyTableViewCell.swift in Sources */ = {isa = PBXBuildFile; fileRef = 692975A52713727700192C58 /* EmptyTableViewCell.swift */; };
		692975A82713729E00192C58 /* SearchResults.swift in Sources */ = {isa = PBXBuildFile; fileRef = 692975A72713729E00192C58 /* SearchResults.swift */; };
/* End PBXBuildFile section */

/* Begin PBXFileReference section */
		6929757B27136F4F00192C58 /* ArjunS2Project.app */ = {isa = PBXFileReference; explicitFileType = wrapper.application; includeInIndex = 0; path = ArjunS2Project.app; sourceTree = BUILT_PRODUCTS_DIR; };
		6929757E27136F4F00192C58 /* AppDelegate.swift */ = {isa = PBXFileReference; lastKnownFileType = sourcecode.swift; path = AppDelegate.swift; sourceTree = "<group>"; };
		6929758027136F4F00192C58 /* SceneDelegate.swift */ = {isa = PBXFileReference; lastKnownFileType = sourcecode.swift; path = SceneDelegate.swift; sourceTree = "<group>"; };
		6929758227136F4F00192C58 /* ViewController.swift */ = {isa = PBXFileReference; lastKnownFileType = sourcecode.swift; path = ViewController.swift; sourceTree = "<group>"; };
		6929758527136F4F00192C58 /* Base */ = {isa = PBXFileReference; lastKnownFileType = file.storyboard; name = Base; path = Base.lproj/Main.storyboard; sourceTree = "<group>"; };
		6929758827136F4F00192C58 /* ArjunS2Project.xcdatamodel */ = {isa = PBXFileReference; lastKnownFileType = wrapper.xcdatamodel; path = ArjunS2Project.xcdatamodel; sourceTree = "<group>"; };
		6929758A27136F5300192C58 /* Assets.xcassets */ = {isa = PBXFileReference; lastKnownFileType = folder.assetcatalog; path = Assets.xcassets; sourceTree = "<group>"; };
		6929758D27136F5300192C58 /* Base */ = {isa = PBXFileReference; lastKnownFileType = file.storyboard; name = Base; path = Base.lproj/LaunchScreen.storyboard; sourceTree = "<group>"; };
		6929758F27136F5300192C58 /* Info.plist */ = {isa = PBXFileReference; lastKnownFileType = text.plist.xml; path = Info.plist; sourceTree = "<group>"; };
		692975992713700100192C58 /* LocationsEntity+CoreDataClass.swift */ = {isa = PBXFileReference; lastKnownFileType = sourcecode.swift; path = "LocationsEntity+CoreDataClass.swift"; sourceTree = "<group>"; };
		6929759A2713700100192C58 /* LocationsEntity+CoreDataProperties.swift */ = {isa = PBXFileReference; lastKnownFileType = sourcecode.swift; path = "LocationsEntity+CoreDataProperties.swift"; sourceTree = "<group>"; };
		6929759D271370D700192C58 /* UpdateViewController.swift */ = {isa = PBXFileReference; lastKnownFileType = sourcecode.swift; path = UpdateViewController.swift; sourceTree = "<group>"; };
		6929759F2713712B00192C58 /* CountryController.swift */ = {isa = PBXFileReference; lastKnownFileType = sourcecode.swift; path = CountryController.swift; sourceTree = "<group>"; };
		692975A12713718800192C58 /* DataSource.swift */ = {isa = PBXFileReference; lastKnownFileType = sourcecode.swift; path = DataSource.swift; sourceTree = "<group>"; };
		692975A32713725200192C58 /* DataTableViewCell.swift */ = {isa = PBXFileReference; lastKnownFileType = sourcecode.swift; path = DataTableViewCell.swift; sourceTree = "<group>"; };
		692975A52713727700192C58 /* EmptyTableViewCell.swift */ = {isa = PBXFileReference; lastKnownFileType = sourcecode.swift; path = EmptyTableViewCell.swift; sourceTree = "<group>"; };
		692975A72713729E00192C58 /* SearchResults.swift */ = {isa = PBXFileReference; lastKnownFileType = sourcecode.swift; path = SearchResults.swift; sourceTree = "<group>"; };
/* End PBXFileReference section */

/* Begin PBXFrameworksBuildPhase section */
		6929757827136F4F00192C58 /* Frameworks */ = {
			isa = PBXFrameworksBuildPhase;
			buildActionMask = 2147483647;
			files = (
			);
			runOnlyForDeploymentPostprocessing = 0;
		};
/* End PBXFrameworksBuildPhase section */

/* Begin PBXGroup section */
		6929757227136F4F00192C58 = {
			isa = PBXGroup;
			children = (
				692975992713700100192C58 /* LocationsEntity+CoreDataClass.swift */,
				6929759A2713700100192C58 /* LocationsEntity+CoreDataProperties.swift */,
				6929757D27136F4F00192C58 /* ArjunS2Project */,
				6929757C27136F4F00192C58 /* Products */,
			);
			sourceTree = "<group>";
		};
		6929757C27136F4F00192C58 /* Products */ = {
			isa = PBXGroup;
			children = (
				6929757B27136F4F00192C58 /* ArjunS2Project.app */,
			);
			name = Products;
			sourceTree = "<group>";
		};
		6929757D27136F4F00192C58 /* ArjunS2Project */ = {
			isa = PBXGroup;
			children = (
				6929757E27136F4F00192C58 /* AppDelegate.swift */,
				6929758027136F4F00192C58 /* SceneDelegate.swift */,
				6929758227136F4F00192C58 /* ViewController.swift */,
				6929758427136F4F00192C58 /* Main.storyboard */,
				6929758A27136F5300192C58 /* Assets.xcassets */,
				6929758C27136F5300192C58 /* LaunchScreen.storyboard */,
				6929758F27136F5300192C58 /* Info.plist */,
				6929758727136F4F00192C58 /* ArjunS2Project.xcdatamodeld */,
				6929759D271370D700192C58 /* UpdateViewController.swift */,
				6929759F2713712B00192C58 /* CountryController.swift */,
				692975A12713718800192C58 /* DataSource.swift */,
				692975A32713725200192C58 /* DataTableViewCell.swift */,
				692975A52713727700192C58 /* EmptyTableViewCell.swift */,
				692975A72713729E00192C58 /* SearchResults.swift */,
			);
			path = ArjunS2Project;
			sourceTree = "<group>";
		};
/* End PBXGroup section */

/* Begin PBXNativeTarget section */
		6929757A27136F4F00192C58 /* ArjunS2Project */ = {
			isa = PBXNativeTarget;
			buildConfigurationList = 6929759227136F5300192C58 /* Build configuration list for PBXNativeTarget "ArjunS2Project" */;
			buildPhases = (
				6929757727136F4F00192C58 /* Sources */,
				6929757827136F4F00192C58 /* Frameworks */,
				6929757927136F4F00192C58 /* Resources */,
			);
			buildRules = (
			);
			dependencies = (
			);
			name = ArjunS2Project;
			productName = ArjunS2Project;
			productReference = 6929757B27136F4F00192C58 /* ArjunS2Project.app */;
			productType = "com.apple.product-type.application";
		};
/* End PBXNativeTarget section */

/* Begin PBXProject section */
		6929757327136F4F00192C58 /* Project object */ = {
			isa = PBXProject;
			attributes = {
				BuildIndependentTargetsInParallel = 1;
				LastSwiftUpdateCheck = 1300;
				LastUpgradeCheck = 1300;
				TargetAttributes = {
					6929757A27136F4F00192C58 = {
						CreatedOnToolsVersion = 13.0;
					};
				};
			};
			buildConfigurationList = 6929757627136F4F00192C58 /* Build configuration list for PBXProject "ArjunS2Project" */;
			compatibilityVersion = "Xcode 13.0";
			developmentRegion = en;
			hasScannedForEncodings = 0;
			knownRegions = (
				en,
				Base,
			);
			mainGroup = 6929757227136F4F00192C58;
			productRefGroup = 6929757C27136F4F00192C58 /* Products */;
			projectDirPath = "";
			projectRoot = "";
			targets = (
				6929757A27136F4F00192C58 /* ArjunS2Project */,
			);
		};
/* End PBXProject section */

/* Begin PBXResourcesBuildPhase section */
		6929757927136F4F00192C58 /* Resources */ = {
			isa = PBXResourcesBuildPhase;
			buildActionMask = 2147483647;
			files = (
				6929758E27136F5300192C58 /* LaunchScreen.storyboard in Resources */,
				6929758B27136F5300192C58 /* Assets.xcassets in Resources */,
				6929758627136F4F00192C58 /* Main.storyboard in Resources */,
			);
			runOnlyForDeploymentPostprocessing = 0;
		};
/* End PBXResourcesBuildPhase section */

/* Begin PBXSourcesBuildPhase section */
		6929757727136F4F00192C58 /* Sources */ = {
			isa = PBXSourcesBuildPhase;
			buildActionMask = 2147483647;
			files = (
				6929758327136F4F00192C58 /* ViewController.swift in Sources */,
				6929759C2713700100192C58 /* LocationsEntity+CoreDataProperties.swift in Sources */,
				692975A02713712B00192C58 /* CountryController.swift in Sources */,
				692975A22713718800192C58 /* DataSource.swift in Sources */,
				6929757F27136F4F00192C58 /* AppDelegate.swift in Sources */,
				6929759B2713700100192C58 /* LocationsEntity+CoreDataClass.swift in Sources */,
				6929758127136F4F00192C58 /* SceneDelegate.swift in Sources */,
				692975A42713725200192C58 /* DataTableViewCell.swift in Sources */,
				6929759E271370D700192C58 /* UpdateViewController.swift in Sources */,
				6929758927136F4F00192C58 /* ArjunS2Project.xcdatamodeld in Sources */,
				692975A82713729E00192C58 /* SearchResults.swift in Sources */,
				692975A62713727700192C58 /* EmptyTableViewCell.swift in Sources */,
			);
			runOnlyForDeploymentPostprocessing = 0;
		};
/* End PBXSourcesBuildPhase section */

/* Begin PBXVariantGroup section */
		6929758427136F4F00192C58 /* Main.storyboard */ = {
			isa = PBXVariantGroup;
			children = (
				6929758527136F4F00192C58 /* Base */,
			);
			name = Main.storyboard;
			sourceTree = "<group>";
		};
		6929758C27136F5300192C58 /* LaunchScreen.storyboard */ = {
			isa = PBXVariantGroup;
			children = (
				6929758D27136F5300192C58 /* Base */,
			);
			name = LaunchScreen.storyboard;
			sourceTree = "<group>";
		};
/* End PBXVariantGroup section */

/* Begin XCBuildConfiguration section */
		6929759027136F5300192C58 /* Debug */ = {
			isa = XCBuildConfiguration;
			buildSettings = {
				ALWAYS_SEARCH_USER_PATHS = NO;
				CLANG_ANALYZER_NONNULL = YES;
				CLANG_ANALYZER_NUMBER_OBJECT_CONVERSION = YES_AGGRESSIVE;
				CLANG_CXX_LANGUAGE_STANDARD = "gnu++17";
				CLANG_CXX_LIBRARY = "libc++";
				CLANG_ENABLE_MODULES = YES;
				CLANG_ENABLE_OBJC_ARC = YES;
				CLANG_ENABLE_OBJC_WEAK = YES;
				CLANG_WARN_BLOCK_CAPTURE_AUTORELEASING = YES;
				CLANG_WARN_BOOL_CONVERSION = YES;
				CLANG_WARN_COMMA = YES;
				CLANG_WARN_CONSTANT_CONVERSION = YES;
				CLANG_WARN_DEPRECATED_OBJC_IMPLEMENTATIONS = YES;
				CLANG_WARN_DIRECT_OBJC_ISA_USAGE = YES_ERROR;
				CLANG_WARN_DOCUMENTATION_COMMENTS = YES;
				CLANG_WARN_EMPTY_BODY = YES;
				CLANG_WARN_ENUM_CONVERSION = YES;
				CLANG_WARN_INFINITE_RECURSION = YES;
				CLANG_WARN_INT_CONVERSION = YES;
				CLANG_WARN_NON_LITERAL_NULL_CONVERSION = YES;
				CLANG_WARN_OBJC_IMPLICIT_RETAIN_SELF = YES;
				CLANG_WARN_OBJC_LITERAL_CONVERSION = YES;
				CLANG_WARN_OBJC_ROOT_CLASS = YES_ERROR;
				CLANG_WARN_QUOTED_INCLUDE_IN_FRAMEWORK_HEADER = YES;
				CLANG_WARN_RANGE_LOOP_ANALYSIS = YES;
				CLANG_WARN_STRICT_PROTOTYPES = YES;
				CLANG_WARN_SUSPICIOUS_MOVE = YES;
				CLANG_WARN_UNGUARDED_AVAILABILITY = YES_AGGRESSIVE;
				CLANG_WARN_UNREACHABLE_CODE = YES;
				CLANG_WARN__DUPLICATE_METHOD_MATCH = YES;
				COPY_PHASE_STRIP = NO;
				DEBUG_INFORMATION_FORMAT = dwarf;
				ENABLE_STRICT_OBJC_MSGSEND = YES;
				ENABLE_TESTABILITY = YES;
				GCC_C_LANGUAGE_STANDARD = gnu11;
				GCC_DYNAMIC_NO_PIC = NO;
				GCC_NO_COMMON_BLOCKS = YES;
				GCC_OPTIMIZATION_LEVEL = 0;
				GCC_PREPROCESSOR_DEFINITIONS = (
					"DEBUG=1",
					"$(inherited)",
				);
				GCC_WARN_64_TO_32_BIT_CONVERSION = YES;
				GCC_WARN_ABOUT_RETURN_TYPE = YES_ERROR;
				GCC_WARN_UNDECLARED_SELECTOR = YES;
				GCC_WARN_UNINITIALIZED_AUTOS = YES_AGGRESSIVE;
				GCC_WARN_UNUSED_FUNCTION = YES;
				GCC_WARN_UNUSED_VARIABLE = YES;
				IPHONEOS_DEPLOYMENT_TARGET = 15.0;
				MTL_ENABLE_DEBUG_INFO = INCLUDE_SOURCE;
				MTL_FAST_MATH = YES;
				ONLY_ACTIVE_ARCH = YES;
				SDKROOT = iphoneos;
				SWIFT_ACTIVE_COMPILATION_CONDITIONS = DEBUG;
				SWIFT_OPTIMIZATION_LEVEL = "-Onone";
			};
			name = Debug;
		};
		6929759127136F5300192C58 /* Release */ = {
			isa = XCBuildConfiguration;
			buildSettings = {
				ALWAYS_SEARCH_USER_PATHS = NO;
				CLANG_ANALYZER_NONNULL = YES;
				CLANG_ANALYZER_NUMBER_OBJECT_CONVERSION = YES_AGGRESSIVE;
				CLANG_CXX_LANGUAGE_STANDARD = "gnu++17";
				CLANG_CXX_LIBRARY = "libc++";
				CLANG_ENABLE_MODULES = YES;
				CLANG_ENABLE_OBJC_ARC = YES;
				CLANG_ENABLE_OBJC_WEAK = YES;
				CLANG_WARN_BLOCK_CAPTURE_AUTORELEASING = YES;
				CLANG_WARN_BOOL_CONVERSION = YES;
				CLANG_WARN_COMMA = YES;
				CLANG_WARN_CONSTANT_CONVERSION = YES;
				CLANG_WARN_DEPRECATED_OBJC_IMPLEMENTATIONS = YES;
				CLANG_WARN_DIRECT_OBJC_ISA_USAGE = YES_ERROR;
				CLANG_WARN_DOCUMENTATION_COMMENTS = YES;
				CLANG_WARN_EMPTY_BODY = YES;
				CLANG_WARN_ENUM_CONVERSION = YES;
				CLANG_WARN_INFINITE_RECURSION = YES;
				CLANG_WARN_INT_CONVERSION = YES;
				CLANG_WARN_NON_LITERAL_NULL_CONVERSION = YES;
				CLANG_WARN_OBJC_IMPLICIT_RETAIN_SELF = YES;
				CLANG_WARN_OBJC_LITERAL_CONVERSION = YES;
				CLANG_WARN_OBJC_ROOT_CLASS = YES_ERROR;
				CLANG_WARN_QUOTED_INCLUDE_IN_FRAMEWORK_HEADER = YES;
				CLANG_WARN_RANGE_LOOP_ANALYSIS = YES;
				CLANG_WARN_STRICT_PROTOTYPES = YES;
				CLANG_WARN_SUSPICIOUS_MOVE = YES;
				CLANG_WARN_UNGUARDED_AVAILABILITY = YES_AGGRESSIVE;
				CLANG_WARN_UNREACHABLE_CODE = YES;
				CLANG_WARN__DUPLICATE_METHOD_MATCH = YES;
				COPY_PHASE_STRIP = NO;
				DEBUG_INFORMATION_FORMAT = "dwarf-with-dsym";
				ENABLE_NS_ASSERTIONS = NO;
				ENABLE_STRICT_OBJC_MSGSEND = YES;
				GCC_C_LANGUAGE_STANDARD = gnu11;
				GCC_NO_COMMON_BLOCKS = YES;
				GCC_WARN_64_TO_32_BIT_CONVERSION = YES;
				GCC_WARN_ABOUT_RETURN_TYPE = YES_ERROR;
				GCC_WARN_UNDECLARED_SELECTOR = YES;
				GCC_WARN_UNINITIALIZED_AUTOS = YES_AGGRESSIVE;
				GCC_WARN_UNUSED_FUNCTION = YES;
				GCC_WARN_UNUSED_VARIABLE = YES;
				IPHONEOS_DEPLOYMENT_TARGET = 15.0;
				MTL_ENABLE_DEBUG_INFO = NO;
				MTL_FAST_MATH = YES;
				SDKROOT = iphoneos;
				SWIFT_COMPILATION_MODE = wholemodule;
				SWIFT_OPTIMIZATION_LEVEL = "-O";
				VALIDATE_PRODUCT = YES;
			};
			name = Release;
		};
		6929759327136F5300192C58 /* Debug */ = {
			isa = XCBuildConfiguration;
			buildSettings = {
				ASSETCATALOG_COMPILER_APPICON_NAME = AppIcon;
				ASSETCATALOG_COMPILER_GLOBAL_ACCENT_COLOR_NAME = AccentColor;
				CODE_SIGN_STYLE = Automatic;
				CURRENT_PROJECT_VERSION = 1;
				GENERATE_INFOPLIST_FILE = YES;
				INFOPLIST_FILE = ArjunS2Project/Info.plist;
				INFOPLIST_KEY_UIApplicationSupportsIndirectInputEvents = YES;
				INFOPLIST_KEY_UILaunchStoryboardName = LaunchScreen;
				INFOPLIST_KEY_UIMainStoryboardFile = Main;
				INFOPLIST_KEY_UISupportedInterfaceOrientations_iPad = "UIInterfaceOrientationPortrait UIInterfaceOrientationPortraitUpsideDown UIInterfaceOrientationLandscapeLeft UIInterfaceOrientationLandscapeRight";
				INFOPLIST_KEY_UISupportedInterfaceOrientations_iPhone = "UIInterfaceOrientationPortrait UIInterfaceOrientationLandscapeLeft UIInterfaceOrientationLandscapeRight";
				LD_RUNPATH_SEARCH_PATHS = (
					"$(inherited)",
					"@executable_path/Frameworks",
				);
				MARKETING_VERSION = 1.0;
				PRODUCT_BUNDLE_IDENTIFIER = com.arjun.ArjunS2Project;
				PRODUCT_NAME = "$(TARGET_NAME)";
				SWIFT_EMIT_LOC_STRINGS = YES;
				SWIFT_VERSION = 5.0;
				TARGETED_DEVICE_FAMILY = "1,2";
			};
			name = Debug;
		};
		6929759427136F5300192C58 /* Release */ = {
			isa = XCBuildConfiguration;
			buildSettings = {
				ASSETCATALOG_COMPILER_APPICON_NAME = AppIcon;
				ASSETCATALOG_COMPILER_GLOBAL_ACCENT_COLOR_NAME = AccentColor;
				CODE_SIGN_STYLE = Automatic;
				CURRENT_PROJECT_VERSION = 1;
				GENERATE_INFOPLIST_FILE = YES;
				INFOPLIST_FILE = ArjunS2Project/Info.plist;
				INFOPLIST_KEY_UIApplicationSupportsIndirectInputEvents = YES;
				INFOPLIST_KEY_UILaunchStoryboardName = LaunchScreen;
				INFOPLIST_KEY_UIMainStoryboardFile = Main;
				INFOPLIST_KEY_UISupportedInterfaceOrientations_iPad = "UIInterfaceOrientationPortrait UIInterfaceOrientationPortraitUpsideDown UIInterfaceOrientationLandscapeLeft UIInterfaceOrientationLandscapeRight";
				INFOPLIST_KEY_UISupportedInterfaceOrientations_iPhone = "UIInterfaceOrientationPortrait UIInterfaceOrientationLandscapeLeft UIInterfaceOrientationLandscapeRight";
				LD_RUNPATH_SEARCH_PATHS = (
					"$(inherited)",
					"@executable_path/Frameworks",
				);
				MARKETING_VERSION = 1.0;
				PRODUCT_BUNDLE_IDENTIFIER = com.arjun.ArjunS2Project;
				PRODUCT_NAME = "$(TARGET_NAME)";
				SWIFT_EMIT_LOC_STRINGS = YES;
				SWIFT_VERSION = 5.0;
				TARGETED_DEVICE_FAMILY = "1,2";
			};
			name = Release;
		};
/* End XCBuildConfiguration section */

/* Begin XCConfigurationList section */
		6929757627136F4F00192C58 /* Build configuration list for PBXProject "ArjunS2Project" */ = {
			isa = XCConfigurationList;
			buildConfigurations = (
				6929759027136F5300192C58 /* Debug */,
				6929759127136F5300192C58 /* Release */,
			);
			defaultConfigurationIsVisible = 0;
			defaultConfigurationName = Release;
		};
		6929759227136F5300192C58 /* Build configuration list for PBXNativeTarget "ArjunS2Project" */ = {
			isa = XCConfigurationList;
			buildConfigurations = (
				6929759327136F5300192C58 /* Debug */,
				6929759427136F5300192C58 /* Release */,
			);
			defaultConfigurationIsVisible = 0;
			defaultConfigurationName = Release;
		};
/* End XCConfigurationList section */

/* Begin XCVersionGroup section */
		6929758727136F4F00192C58 /* ArjunS2Project.xcdatamodeld */ = {
			isa = XCVersionGroup;
			children = (
				6929758827136F4F00192C58 /* ArjunS2Project.xcdatamodel */,
			);
			currentVersion = 6929758827136F4F00192C58 /* ArjunS2Project.xcdatamodel */;
			path = ArjunS2Project.xcdatamodeld;
			sourceTree = "<group>";
			versionGroupType = wrapper.xcdatamodel;
		};
/* End XCVersionGroup section */
	};
	rootObject = 6929757327136F4F00192C58 /* Project object */;
}
